
Microsoft Visual Studio Solution File, Format Version 12.00
# Visual Studio Version 16
VisualStudioVersion = 16.0.29920.165
MinimumVisualStudioVersion = 10.0.40219.1
Project("{FAE04EC0-301F-11D3-BF4B-00C04F79EFBC}") = "EscapeFromTheWoods", "EscapeFromTheWoods\EscapeFromTheWoods.csproj", "{8C187C14-2AAD-4B5C-A736-0EDA1628BDB5}"
EndProject
Global
	GlobalSection(SolutionConfigurationPlatforms) = preSolution
		Debug|Any CPU = Debug|Any CPU
		Release|Any CPU = Release|Any CPU
	EndGlobalSection
	GlobalSection(ProjectConfigurationPlatforms) = postSolution
		{8C187C14-2AAD-4B5C-A736-0EDA1628BDB5}.Debug|Any CPU.ActiveCfg = Debug|Any CPU
		{8C187C14-2AAD-4B5C-A736-0EDA1628BDB5}.Debug|Any CPU.Build.0 = Debug|Any CPU
		{8C187C14-2AAD-4B5C-A736-0EDA1628BDB5}.Release|Any CPU.ActiveCfg = Release|Any CPU
		{8C187C14-2AAD-4B5C-A736-0EDA1628BDB5}.Release|Any CPU.Build.0 = Release|Any CPU
	EndGlobalSection
	GlobalSection(SolutionProperties) = preSolution
		HideSolutionNode = FALSE
	EndGlobalSection
	GlobalSection(ExtensibilityGlobals) = postSolution
		SolutionGuid = {059ED367-92DF-4959-B7B0-1057228329A2}
	EndGlobalSection
EndGlobal
